
Microsoft Visual Studio Solution File, Format Version 12.00
# Visual Studio Version 16
VisualStudioVersion = 16.0.31205.134
MinimumVisualStudioVersion = 10.0.40219.1
Project("{FAE04EC0-301F-11D3-BF4B-00C04F79EFBC}") = "SampleTestAutomationProject", "SampleTestAutomationProject\SampleTestAutomationProject.csproj", "{827B60FC-096B-441C-A345-4A95A2785716}"
EndProject
Global
	GlobalSection(SolutionConfigurationPlatforms) = preSolution
		Debug|Any CPU = Debug|Any CPU
		Release|Any CPU = Release|Any CPU
	EndGlobalSection
	GlobalSection(ProjectConfigurationPlatforms) = postSolution
		{827B60FC-096B-441C-A345-4A95A2785716}.Debug|Any CPU.ActiveCfg = Debug|Any CPU
		{827B60FC-096B-441C-A345-4A95A2785716}.Debug|Any CPU.Build.0 = Debug|Any CPU
		{827B60FC-096B-441C-A345-4A95A2785716}.Release|Any CPU.ActiveCfg = Release|Any CPU
		{827B60FC-096B-441C-A345-4A95A2785716}.Release|Any CPU.Build.0 = Release|Any CPU
	EndGlobalSection
	GlobalSection(SolutionProperties) = preSolution
		HideSolutionNode = FALSE
	EndGlobalSection
	GlobalSection(ExtensibilityGlobals) = postSolution
		SolutionGuid = {048C082C-28A4-4911-AF3D-A991615A997F}
	EndGlobalSection
EndGlobal
